{
  "version": 4,
  "terraform_version": "1.4.6",
  "serial": 210,
  "lineage": "e3488964-9160-d07a-e70e-ecdd89323e82",
  "outputs": {
    "instance_hostname": {
      "value": "ec2-54-244-190-114.us-west-2.compute.amazonaws.com",
      "type": "string"
    }
  },
  "resources": [
    {
      "mode": "data",
      "type": "aws_ami",
      "name": "ubuntu",
      "provider": "provider[\"registry.terraform.io/hashicorp/aws\"]",
      "instances": [
        {
          "schema_version": 0,
          "attributes": {
            "architecture": "x86_64",
            "arn": "arn:aws:ec2:us-west-2::image/ami-0f1e37f71e38ed6a1",
            "block_device_mappings": [
              {
                "device_name": "/dev/sda1",
                "ebs": {
                  "delete_on_termination": "true",
                  "encrypted": "false",
                  "iops": "0",
                  "snapshot_id": "snap-00aa0148fa0dc977e",
                  "throughput": "0",
                  "volume_initialization_rate": "0",
                  "volume_size": "8",
                  "volume_type": "gp3"
                },
                "no_device": "",
                "virtual_name": ""
              },
              {
                "device_name": "/dev/sdb",
                "ebs": {},
                "no_device": "",
                "virtual_name": "ephemeral0"
              },
              {
                "device_name": "/dev/sdc",
                "ebs": {},
                "no_device": "",
                "virtual_name": "ephemeral1"
              }
            ],
            "boot_mode": "uefi-preferred",
            "creation_date": "2025-07-31T11:00:26.000Z",
            "deprecation_time": "2027-07-31T11:00:26.000Z",
            "description": "Canonical, Ubuntu, 24.04, amd64 noble image",
            "ena_support": true,
            "executable_users": null,
            "filter": [
              {
                "name": "name",
                "values": [
                  "ubuntu/images/hvm-ssd-gp3/ubuntu-noble-24.04-amd64-server-*"
                ]
              }
            ],
            "hypervisor": "xen",
            "id": "ami-0f1e37f71e38ed6a1",
            "image_id": "ami-0f1e37f71e38ed6a1",
            "image_location": "amazon/ubuntu/images/hvm-ssd-gp3/ubuntu-noble-24.04-amd64-server-20250731",
            "image_owner_alias": "amazon",
            "image_type": "machine",
            "imds_support": "v2.0",
            "include_deprecated": false,
            "kernel_id": "",
            "last_launched_time": "",
            "most_recent": true,
            "name": "ubuntu/images/hvm-ssd-gp3/ubuntu-noble-24.04-amd64-server-20250731",
            "name_regex": null,
            "owner_id": "099720109477",
            "owners": [
              "099720109477"
            ],
            "platform": "",
            "platform_details": "Linux/UNIX",
            "product_codes": [],
            "public": true,
            "ramdisk_id": "",
            "root_device_name": "/dev/sda1",
            "root_device_type": "ebs",
            "root_snapshot_id": "snap-00aa0148fa0dc977e",
            "sriov_net_support": "simple",
            "state": "available",
            "state_reason": {
              "code": "UNSET",
              "message": "UNSET"
            },
            "tags": {},
            "timeouts": null,
            "tpm_support": "",
            "uefi_data": null,
            "usage_operation": "RunInstances",
            "virtualization_type": "hvm"
          },
          "sensitive_attributes": []
        }
      ]
    },
    {
      "mode": "managed",
      "type": "aws_instance",
      "name": "app_server",
      "provider": "provider[\"registry.terraform.io/hashicorp/aws\"]",
      "instances": [
        {
          "schema_version": 1,
          "attributes": {
            "ami": "ami-0f1e37f71e38ed6a1",
            "arn": "arn:aws:ec2:us-west-2:898111450083:instance/i-08a36e0a4b9db449b",
            "associate_public_ip_address": true,
            "availability_zone": "us-west-2a",
            "capacity_reservation_specification": [
              {
                "capacity_reservation_preference": "open",
                "capacity_reservation_target": []
              }
            ],
            "cpu_core_count": 1,
            "cpu_options": [
              {
                "amd_sev_snp": "",
                "core_count": 1,
                "threads_per_core": 1
              }
            ],
            "cpu_threads_per_core": 1,
            "credit_specification": [
              {
                "cpu_credits": "standard"
              }
            ],
            "disable_api_stop": false,
            "disable_api_termination": false,
            "ebs_block_device": [],
            "ebs_optimized": false,
            "enable_primary_ipv6": null,
            "enclave_options": [
              {
                "enabled": false
              }
            ],
            "ephemeral_block_device": [],
            "get_password_data": false,
            "hibernation": false,
            "host_id": "",
            "host_resource_group_arn": null,
            "iam_instance_profile": "",
            "id": "i-08a36e0a4b9db449b",
            "instance_initiated_shutdown_behavior": "stop",
            "instance_lifecycle": "",
            "instance_market_options": [],
            "instance_state": "running",
            "instance_type": "t2.micro",
            "ipv6_address_count": 0,
            "ipv6_addresses": [],
            "key_name": "my-ec2-key",
            "launch_template": [],
            "maintenance_options": [
              {
                "auto_recovery": "default"
              }
            ],
            "metadata_options": [
              {
                "http_endpoint": "enabled",
                "http_protocol_ipv6": "disabled",
                "http_put_response_hop_limit": 2,
                "http_tokens": "required",
                "instance_metadata_tags": "disabled"
              }
            ],
            "monitoring": false,
            "network_interface": [],
            "outpost_arn": "",
            "password_data": "",
            "placement_group": "",
            "placement_partition_number": 0,
            "primary_network_interface_id": "eni-090f8e1c5870987e9",
            "private_dns": "ip-10-0-101-169.us-west-2.compute.internal",
            "private_dns_name_options": [
              {
                "enable_resource_name_dns_a_record": false,
                "enable_resource_name_dns_aaaa_record": false,
                "hostname_type": "ip-name"
              }
            ],
            "private_ip": "10.0.101.169",
            "public_dns": "ec2-54-244-190-114.us-west-2.compute.amazonaws.com",
            "public_ip": "54.244.190.114",
            "root_block_device": [
              {
                "delete_on_termination": true,
                "device_name": "/dev/sda1",
                "encrypted": false,
                "iops": 3000,
                "kms_key_id": "",
                "tags": {},
                "tags_all": {},
                "throughput": 125,
                "volume_id": "vol-00e249aa006fd1cb8",
                "volume_size": 8,
                "volume_type": "gp3"
              }
            ],
            "secondary_private_ips": [],
            "security_groups": [],
            "source_dest_check": true,
            "spot_instance_request_id": "",
            "subnet_id": "subnet-081d9fc44373fedf7",
            "tags": {
              "Name": "my-ec2-instance"
            },
            "tags_all": {
              "Name": "my-ec2-instance"
            },
            "tenancy": "default",
            "timeouts": null,
            "user_data": null,
            "user_data_base64": null,
            "user_data_replace_on_change": false,
            "volume_tags": null,
            "vpc_security_group_ids": [
              "sg-0f1955fd2e8d43afb"
            ]
          },
          "sensitive_attributes": [],
          "private": "eyJlMmJmYjczMC1lY2FhLTExZTYtOGY4OC0zNDM2M2JjN2M0YzAiOnsiY3JlYXRlIjo2MDAwMDAwMDAwMDAsImRlbGV0ZSI6MTIwMDAwMDAwMDAwMCwicmVhZCI6OTAwMDAwMDAwMDAwLCJ1cGRhdGUiOjYwMDAwMDAwMDAwMH0sInNjaGVtYV92ZXJzaW9uIjoiMSJ9",
          "dependencies": [
            "aws_key_pair.ec2_key",
            "aws_security_group.ec2_sg",
            "data.aws_ami.ubuntu",
            "module.vpc.aws_subnet.public",
            "module.vpc.aws_vpc.this",
            "module.vpc.aws_vpc_ipv4_cidr_block_association.this"
          ]
        }
      ]
    },
    {
      "mode": "managed",
      "type": "aws_key_pair",
      "name": "ec2_key",
      "provider": "provider[\"registry.terraform.io/hashicorp/aws\"]",
      "instances": [
        {
          "schema_version": 1,
          "attributes": {
            "arn": "arn:aws:ec2:us-west-2:898111450083:key-pair/my-ec2-key",
            "fingerprint": "1e:2d:df:c5:63:b2:ae:f1:aa:84:b4:1f:6a:54:e2:69",
            "id": "my-ec2-key",
            "key_name": "my-ec2-key",
            "key_name_prefix": "",
            "key_pair_id": "key-0dc1a87a95ee1d0f7",
            "key_type": "rsa",
            "public_key": "ssh-rsa AAAAB3NzaC1yc2EAAAADAQABAAACAQC+jMNLL6S30v7WwTwEOaX13RnNKQVGn6x5kABnirC3OV4Jpr0ZKuOkLO8UEvbhEiYF+fD5FiUYJkrN03ZxdafLpkK/9Jqp9K76EZhjU902m+DIxxj6t7HFL3eWskRm+WWrnUWriPN7yDSfTjyexjGa5lB19PncSWEHZDPR2TiUK4YgiW0bPZ+nuITffJaQrkpj7k9+mGrlte0O13D/Fq/Z8MZeDvQ/fdaZz26GAtuXne2Uu84/EirERjFxN29Jzz3qny582kWAqV6UdVOzeGW1dxGz91ie68ibTw2ejDiyqipHTk/nXbEV5SL4D3fpc/pqdIcr0av4nt7NXmWiqWoBd5lYhtdoDKW2IAMOwnLo8KuK+zPzk1vjmKeWNtSzNhNNhv17MzJZ5sosE8k9PMWqlDUjrm9LtZcon0AOiBSTGoSRXGDjHoaM09SNlEXXQIlWCLNKwMXI3zVbECB2f8zB+ZvAm73FfmAvBCr3LIdJwcEZnIMZIkkJp9MAvBHhf2ZhhOCWAus57eArbGspcswc4YiHcqAbxO0TSbvoqa9Tpxcf/cUYGvrdacTLm33n4Ea1ek8N0HBU7OWX8K6+lw/OszvvRRqjmkFNSmSyzeKoqduvo3kttGxj0JU2weIkx6PFlh+FByfx10z0afLN0WYDqiTehrSRiwE1VUdlz3bJrw==",
            "tags": {},
            "tags_all": {}
          },
          "sensitive_attributes": [],
          "private": "eyJzY2hlbWFfdmVyc2lvbiI6IjEifQ==",
          "dependencies": [
            "tls_private_key.ec2_key"
          ]
        }
      ]
    },
    {
      "mode": "managed",
      "type": "aws_security_group",
      "name": "ec2_sg",
      "provider": "provider[\"registry.terraform.io/hashicorp/aws\"]",
      "instances": [
        {
          "schema_version": 1,
          "attributes": {
            "arn": "arn:aws:ec2:us-west-2:898111450083:security-group/sg-0f1955fd2e8d43afb",
            "description": "Allow SSH and HTTP/8080",
            "egress": [
              {
                "cidr_blocks": [
                  "0.0.0.0/0"
                ],
                "description": "Allow all outbound traffic",
                "from_port": 0,
                "ipv6_cidr_blocks": [],
                "prefix_list_ids": [],
                "protocol": "-1",
                "security_groups": [],
                "self": false,
                "to_port": 0
              }
            ],
            "id": "sg-0f1955fd2e8d43afb",
            "ingress": [
              {
                "cidr_blocks": [
                  "0.0.0.0/0"
                ],
                "description": "App on 8080",
                "from_port": 8080,
                "ipv6_cidr_blocks": [],
                "prefix_list_ids": [],
                "protocol": "tcp",
                "security_groups": [],
                "self": false,
                "to_port": 8080
              },
              {
                "cidr_blocks": [
                  "0.0.0.0/0"
                ],
                "description": "HTTP",
                "from_port": 80,
                "ipv6_cidr_blocks": [],
                "prefix_list_ids": [],
                "protocol": "tcp",
                "security_groups": [],
                "self": false,
                "to_port": 80
              },
              {
                "cidr_blocks": [
                  "0.0.0.0/0"
                ],
                "description": "SSH",
                "from_port": 22,
                "ipv6_cidr_blocks": [],
                "prefix_list_ids": [],
                "protocol": "tcp",
                "security_groups": [],
                "self": false,
                "to_port": 22
              }
            ],
            "name": "ec2-sg",
            "name_prefix": "",
            "owner_id": "898111450083",
            "revoke_rules_on_delete": false,
            "tags": {
              "Name": "ec2-sg"
            },
            "tags_all": {
              "Name": "ec2-sg"
            },
            "timeouts": null,
            "vpc_id": "vpc-0631bdf05cd3b392f"
          },
          "sensitive_attributes": [],
          "private": "eyJlMmJmYjczMC1lY2FhLTExZTYtOGY4OC0zNDM2M2JjN2M0YzAiOnsiY3JlYXRlIjo2MDAwMDAwMDAwMDAsImRlbGV0ZSI6OTAwMDAwMDAwMDAwfSwic2NoZW1hX3ZlcnNpb24iOiIxIn0=",
          "dependencies": [
            "module.vpc.aws_vpc.this"
          ]
        }
      ]
    },
    {
      "mode": "managed",
      "type": "local_file",
      "name": "private_key",
      "provider": "provider[\"registry.terraform.io/hashicorp/local\"]",
      "instances": [
        {
          "schema_version": 0,
          "attributes": {
            "content": "-----BEGIN RSA PRIVATE KEY-----\nMIIJJwIBAAKCAgEAvozDSy+kt9L+1sE8BDml9d0ZzSkFRp+seZAAZ4qwtzleCaa9\nGSrjpCzvFBL24RImBfnw+RYlGCZKzdN2cXWny6ZCv/SaqfSu+hGYY1PdNpvgyMcY\n+rexxS93lrJEZvllq51Fq4jze8g0n048nsYxmuZQdfT53ElhB2Qz0dk4lCuGIIlt\nGz2fp7iE33yWkK5KY+5Pfphq5bXtDtdw/xav2fDGXg70P33Wmc9uhgLbl53tlLvO\nPxIqxEYxcTdvSc896p8ufNpFgKlelHVTs3hltXcRs/dYnuvIm08Nnow4sqoqR05P\n512xFeUi+A936XP6anSHK9Gr+J7ezV5loqlqAXeZWIbXaAyltiADDsJy6PCrivsz\n85Nb45inljbUszYTTYb9ezMyWebKLBPJPTzFqpQ1I65vS7WXKJ9ADogUkxqEkVxg\n4x6GjNPUjZRF10CJVgizSsDFyN81WxAgdn/MwfmbwJu9xX5gLwQq9yyHScHBGZyD\nGSJJCafTALwR4X9mYYTglgLrOe3gK2xrKXLMHOGIh3KgG8TtE0m76KmvU6cXH/3F\nGBr63WnEy5t95+BGtXpPDdBwVOzll/CuvpcPzrM770Uao5pBTUpkss3iqKnbr6N5\nLbRsY9CVNsHiJMejxZYfhQcn8ddM9GnyzdFmA6ok3oa0kYsBNVVHZc92ya8CAwEA\nAQKCAgBMw0U7iUZ4vXnnRvIoG5c1jGxD/5X+BP5E/JOFItSdA3HUPoUoWeRZ87Ye\npqMpOZfyyWVf2yF3cJmrAFjTTVwbCPAUB3S1KfrBiAwVW6gewz4TdE2mVxE5CC3L\nmiY/O5JPR+zUtTetcpJsaOa36cz7A3R/iICN00vQ3/eWPsVxv3Tpr6MyGamzNfzl\nUXoQb/5M8qi4ratGvfrxgy4kvV17VWl8Y9bWqxmkXfG+7/DJzBf1VpE4TFfJOSPa\n4cOl/uSJG7ZtGrtsIQ8WjIt7HfIPYBfUIb1kTEVE99xbNk7y/uVIU46R/OcFlIj5\nWLXsaMoFT8tShkWaw1mrby9Pj6NBn+4nFsgv5yhxpGOgAHY4JIQ8HI6qEcubedDI\nBhDt3+v3F2oQtJe04cIeMGxSrWP9HMPGuxFUH4NA4iC720FLY670ijtf9fxFwmD6\nEKTQfvgZrM5QTT1OjNqNPrnEm6RMOhobWUGjaOEjSrODnfMQxRXpR06O6LmqLU5I\n9ZeOGiCqrRWnNz6cQ2LybYzw3K1U+NXdoKe0RDCpmSsCOapzBN8gaEVZZUUyFqtJ\nl2j/jV22oe5QUPSeddWf2pNn/YEKQPLnSAZL6xdVMNMPq/ehXF7J6i8ec7fatVCR\nKGZSakJZSWiwj+3dGAMwe689PCOwxwYc6SxItr1lkdbhXXBU+QKCAQEAxOqK8Im2\nBOxJUZEmvQ+pJRmbRkecn/kcV0lP2NkKXHBIoSlegBDS+2T5kv38zRC62kw6/gLO\ngEdzkcwcaFwV8jMrnaOELYCd9gmGYs+WueOZYBU+ECY62i+Bcy4P7pR6APHDnj2/\n2o6JWCs6lDDD5i0u1hQU5Izb1QkfzNR5eqYrz8JV97DyE7yRCsRJHYDyfCMM/Sz4\nDgdkKMExSsM2HUvgRFWHkAU9WQbOJGiLvh4+/M6E0DgTf4CihA7B6VgfI6Muv5RY\nP2TR/YCwZHl46mYz1zfCjJNfDiv0eMPt4QM0vvh1+lstod57B83Lxd0/t38TbfjB\nixmSNJ1Ru4PkuQKCAQEA97k2RTHzwkP4KjvG8hquIOKb/Co7DLdN4tIiU7cJ4PlD\niG+cxzfLi9eJt5aaoWAFH639G0IjXN587krWhe3cht6G0pWTLDA+8VpyyJOxocbt\nJ/1ZixFnB10RgWE8t+jTOjkeGFq82UZbP6I4qnupsvZsoKD/4AEBT/DNZvxTsW6G\nMysdSbzAMcN5fIMgXz2BuuflQoGkKfcdjuHjv+Y80NfRT+5yC+HWE2UzytNgSic4\nwu3Q9dDtL271bpw1qlGR/ySMRK3VAaHjZ4iywp/sqcf33550U0Ay6uaXGvkUN0yB\n0DcLKlm1YRZAVy953qZ2JYQfh779OnShPUYt2RC9pwKCAQBjyy1gm5nIQushUDte\noxooeCKt6krg88E+JyQ1FEFg+XKFYk7G/j++Mb0dlmRQlILtcKaQ5mE6t3tFTziy\nVsC0fuRCvoSU/tKOxuL5HpUXXdXz0LAkRQucWWj0M0rVsR9nbR6jCk45d/T43ueQ\nBGqzMwDCc2jnLs+V1krsZl2uH5qibq1cmqsD/5NN7o3TSu8YpDbH88s+aNaEpOvT\nJL0++Z4NY38RKOafQIimAOmZDwEC47KBR3nyKwGxhT0WgZc+W0uswYQ7lF+rZlV+\nheUWfXcWQebxkRoiN3ps3XanixVnFsnLd/vXRcX5/XygqPDKkLcLC38ifHIRAg1S\nx5PZAoIBAAxQnswN0apkqp+e3SMIBIQJ/+snRkw5iJuwCpjSzqDqg1rzAX493daT\n3nrL99/x4A9VHPIP9aYWQWuvOL7rtjzWLymk2e4mb9qbvn0OKpR6SSvlwl/Re6e4\nDri51sTlxCpu0HoxeJXsk3i0XdDL2QHWkkvh9RZztlb9B5kJDjgR4IYGrKwPwBY5\nO37fHereKebaxGDsBPc5G7UQsbvGfFt9fyBUIENK9NN+AncgzvagwIegPvUZb9Ed\n2QGorlpLN9DRRk/bvG0aWS26c/iM7rz5/e6V9/5zgJSA5h4nJ8Qf/4wUUG/IieXL\nr2MmLw7Mg68VxGOBMSGIzsM3C+xwkp0CggEALyv+V/XJT1+J5HsRTyDjKYLV0wBk\nr0HRfaRdLPVaiIGVbEc+Xh+5vdgDXysLyNENmZ6oT917s3MORUARWjvg+752uQdg\nno9srpc66JzFMqXPK5ZLpeNdbKlu6FET+osaRNfOTb3/HDkx1of2E1xFtxP733/k\nVz7Di20S/1IRxZMBTwHetFezv73rpFyNNR9jOCWF+sWggn5CIe1v94A8Wxrw1Oft\nfnap/w+RuVbZZFNSb6CgEEe6ugjvUxUQBDd/XTWE3WljN9gNTxRAjS2GkryRNNj2\nh8lnWkshLNCPc5/B+Qw38dFo7Wg5Af2giPfETKCBJUESQdayprTjJUwZZg==\n-----END RSA PRIVATE KEY-----\n",
            "content_base64": null,
            "content_base64sha256": "XyHJ7YxNhZpliRXd4up9DsrqAN5JhXe1ZsU6AZwo2xI=",
            "content_base64sha512": "CPl74FXzfu+v+yO3wVZXyM/ggPnbhyg4+BoSxDHjiccsyneLndrqwIvqobfTfl3tyrha+VEMfDUz1dat0Om6Nw==",
            "content_md5": "3a8b5d8005065489a2b8aedab6800d34",
            "content_sha1": "546010451f971823265d3e403a1e3af2f5008119",
            "content_sha256": "5f21c9ed8c4d859a658915dde2ea7d0ecaea00de498577b566c53a019c28db12",
            "content_sha512": "08f97be055f37eefaffb23b7c15657c8cfe080f9db872838f81a12c431e389c72cca778b9ddaeac08beaa1b7d37e5dedcab85af9510c7c3533d5d6add0e9ba37",
            "directory_permission": "0777",
            "file_permission": "0600",
            "filename": "./my-ec2-key.pem",
            "id": "546010451f971823265d3e403a1e3af2f5008119",
            "sensitive_content": null,
            "source": null
          },
          "sensitive_attributes": [
            [
              {
                "type": "get_attr",
                "value": "content"
              }
            ]
          ],
          "dependencies": [
            "tls_private_key.ec2_key"
          ]
        }
      ]
    },
    {
      "mode": "managed",
      "type": "tls_private_key",
      "name": "ec2_key",
      "provider": "provider[\"registry.terraform.io/hashicorp/tls\"]",
      "instances": [
        {
          "schema_version": 1,
          "attributes": {
            "algorithm": "RSA",
            "ecdsa_curve": "P224",
            "id": "57d5c6dd958a047dd330101c2decb317f2aa6e55",
            "private_key_openssh": "-----BEGIN OPENSSH PRIVATE KEY-----\nb3BlbnNzaC1rZXktdjEAAAAABG5vbmUAAAAEbm9uZQAAAAAAAAABAAACFwAAAAdz\nc2gtcnNhAAAAAwEAAQAAAgEAvozDSy+kt9L+1sE8BDml9d0ZzSkFRp+seZAAZ4qw\ntzleCaa9GSrjpCzvFBL24RImBfnw+RYlGCZKzdN2cXWny6ZCv/SaqfSu+hGYY1Pd\nNpvgyMcY+rexxS93lrJEZvllq51Fq4jze8g0n048nsYxmuZQdfT53ElhB2Qz0dk4\nlCuGIIltGz2fp7iE33yWkK5KY+5Pfphq5bXtDtdw/xav2fDGXg70P33Wmc9uhgLb\nl53tlLvOPxIqxEYxcTdvSc896p8ufNpFgKlelHVTs3hltXcRs/dYnuvIm08Nnow4\nsqoqR05P512xFeUi+A936XP6anSHK9Gr+J7ezV5loqlqAXeZWIbXaAyltiADDsJy\n6PCrivsz85Nb45inljbUszYTTYb9ezMyWebKLBPJPTzFqpQ1I65vS7WXKJ9ADogU\nkxqEkVxg4x6GjNPUjZRF10CJVgizSsDFyN81WxAgdn/MwfmbwJu9xX5gLwQq9yyH\nScHBGZyDGSJJCafTALwR4X9mYYTglgLrOe3gK2xrKXLMHOGIh3KgG8TtE0m76Kmv\nU6cXH/3FGBr63WnEy5t95+BGtXpPDdBwVOzll/CuvpcPzrM770Uao5pBTUpkss3i\nqKnbr6N5LbRsY9CVNsHiJMejxZYfhQcn8ddM9GnyzdFmA6ok3oa0kYsBNVVHZc92\nya8AAAc4c82t/nPNrf4AAAAHc3NoLXJzYQAAAgEAvozDSy+kt9L+1sE8BDml9d0Z\nzSkFRp+seZAAZ4qwtzleCaa9GSrjpCzvFBL24RImBfnw+RYlGCZKzdN2cXWny6ZC\nv/SaqfSu+hGYY1PdNpvgyMcY+rexxS93lrJEZvllq51Fq4jze8g0n048nsYxmuZQ\ndfT53ElhB2Qz0dk4lCuGIIltGz2fp7iE33yWkK5KY+5Pfphq5bXtDtdw/xav2fDG\nXg70P33Wmc9uhgLbl53tlLvOPxIqxEYxcTdvSc896p8ufNpFgKlelHVTs3hltXcR\ns/dYnuvIm08Nnow4sqoqR05P512xFeUi+A936XP6anSHK9Gr+J7ezV5loqlqAXeZ\nWIbXaAyltiADDsJy6PCrivsz85Nb45inljbUszYTTYb9ezMyWebKLBPJPTzFqpQ1\nI65vS7WXKJ9ADogUkxqEkVxg4x6GjNPUjZRF10CJVgizSsDFyN81WxAgdn/Mwfmb\nwJu9xX5gLwQq9yyHScHBGZyDGSJJCafTALwR4X9mYYTglgLrOe3gK2xrKXLMHOGI\nh3KgG8TtE0m76KmvU6cXH/3FGBr63WnEy5t95+BGtXpPDdBwVOzll/CuvpcPzrM7\n70Uao5pBTUpkss3iqKnbr6N5LbRsY9CVNsHiJMejxZYfhQcn8ddM9GnyzdFmA6ok\n3oa0kYsBNVVHZc92ya8AAAADAQABAAACAEzDRTuJRni9eedG8igblzWMbEP/lf4E\n/kT8k4Ui1J0DcdQ+hShZ5Fnzth6moyk5l/LJZV/bIXdwmasAWNNNXBsI8BQHdLUp\n+sGIDBVbqB7DPhN0TaZXETkILcuaJj87kk9H7NS1N61ykmxo5rfpzPsDdH+IgI3T\nS9Df95Y+xXG/dOmvozIZqbM1/OVRehBv/kzyqLitq0a9+vGDLiS9XXtVaXxj1tar\nGaRd8b7v8MnMF/VWkThMV8k5I9rhw6X+5Ikbtm0au2whDxaMi3sd8g9gF9QhvWRM\nRUT33Fs2TvL+5UhTjpH85wWUiPlYtexoygVPy1KGRZrDWatvL0+Po0Gf7icWyC/n\nKHGkY6AAdjgkhDwcjqoRy5t50MgGEO3f6/cXahC0l7Thwh4wbFKtY/0cw8a7EVQf\ng0DiILvbQUtjrvSKO1/1/EXCYPoQpNB++BmszlBNPU6M2o0+ucSbpEw6GhtZQaNo\n4SNKs4Od8xDFFelHTo7ouaotTkj1l44aIKqtFac3PpxDYvJtjPDcrVT41d2gp7RE\nMKmZKwI5qnME3yBoRVllRTIWq0mXaP+NXbah7lBQ9J511Z/ak2f9gQpA8udIBkvr\nF1Uw0w+r96FcXsnqLx5zt9q1UJEoZlJqQllJaLCP7d0YAzB7rz08I7DHBhzpLEi2\nvWWR1uFdcFT5AAABAC8r/lf1yU9fieR7EU8g4ymC1dMAZK9B0X2kXSz1WoiBlWxH\nPl4fub3YA18rC8jRDZmeqE/de7NzDkVAEVo74Pu+drkHYJ6PbK6XOuicxTKlzyuW\nS6XjXWypbuhRE/qLGkTXzk29/xw5MdaH9hNcRbcT+99/5Fc+w4ttEv9SEcWTAU8B\n3rRXs7+966RcjTUfYzglhfrFoIJ+QiHtb/eAPFsa8NTn7X52qf8PkblW2WRTUm+g\noBBHuroI71MVEAQ3f101hN1pYzfYDU8UQI0thpK8kTTY9ofJZ1pLISzQj3OfwfkM\nN/HRaO1oOQH9oIj3xEyggSVBEkHWsqa04yVMGWYAAAEBAMTqivCJtgTsSVGRJr0P\nqSUZm0ZHnJ/5HFdJT9jZClxwSKEpXoAQ0vtk+ZL9/M0QutpMOv4CzoBHc5HMHGhc\nFfIzK52jhC2AnfYJhmLPlrnjmWAVPhAmOtovgXMuD+6UegDxw549v9qOiVgrOpQw\nw+YtLtYUFOSM29UJH8zUeXqmK8/CVfew8hO8kQrESR2A8nwjDP0s+A4HZCjBMUrD\nNh1L4ERVh5AFPVkGziRoi74ePvzOhNA4E3+AooQOwelYHyOjLr+UWD9k0f2AsGR5\neOpmM9c3woyTXw4r9HjD7eEDNL74dfpbLaHeewfNy8XdP7d/E234wYsZkjSdUbuD\n5LkAAAEBAPe5NkUx88JD+Co7xvIariDim/wqOwy3TeLSIlO3CeD5Q4hvnMc3y4vX\nibeWmqFgBR+t/RtCI1zefO5K1oXt3IbehtKVkywwPvFacsiTsaHG7Sf9WYsRZwdd\nEYFhPLfo0zo5HhhavNlGWz+iOKp7qbL2bKCg/+ABAU/wzWb8U7FuhjMrHUm8wDHD\neXyDIF89gbrn5UKBpCn3HY7h47/mPNDX0U/ucgvh1hNlM8rTYEonOMLt0PXQ7S9u\n9W6cNapRkf8kjESt1QGh42eIssKf7KnH99+edFNAMurmlxr5FDdMgdA3CypZtWEW\nQFcved6mdiWEH4e+/Tp0oT1GLdkQvacAAAAAAQID\n-----END OPENSSH PRIVATE KEY-----\n",
            "private_key_pem": "-----BEGIN RSA PRIVATE KEY-----\nMIIJJwIBAAKCAgEAvozDSy+kt9L+1sE8BDml9d0ZzSkFRp+seZAAZ4qwtzleCaa9\nGSrjpCzvFBL24RImBfnw+RYlGCZKzdN2cXWny6ZCv/SaqfSu+hGYY1PdNpvgyMcY\n+rexxS93lrJEZvllq51Fq4jze8g0n048nsYxmuZQdfT53ElhB2Qz0dk4lCuGIIlt\nGz2fp7iE33yWkK5KY+5Pfphq5bXtDtdw/xav2fDGXg70P33Wmc9uhgLbl53tlLvO\nPxIqxEYxcTdvSc896p8ufNpFgKlelHVTs3hltXcRs/dYnuvIm08Nnow4sqoqR05P\n512xFeUi+A936XP6anSHK9Gr+J7ezV5loqlqAXeZWIbXaAyltiADDsJy6PCrivsz\n85Nb45inljbUszYTTYb9ezMyWebKLBPJPTzFqpQ1I65vS7WXKJ9ADogUkxqEkVxg\n4x6GjNPUjZRF10CJVgizSsDFyN81WxAgdn/MwfmbwJu9xX5gLwQq9yyHScHBGZyD\nGSJJCafTALwR4X9mYYTglgLrOe3gK2xrKXLMHOGIh3KgG8TtE0m76KmvU6cXH/3F\nGBr63WnEy5t95+BGtXpPDdBwVOzll/CuvpcPzrM770Uao5pBTUpkss3iqKnbr6N5\nLbRsY9CVNsHiJMejxZYfhQcn8ddM9GnyzdFmA6ok3oa0kYsBNVVHZc92ya8CAwEA\nAQKCAgBMw0U7iUZ4vXnnRvIoG5c1jGxD/5X+BP5E/JOFItSdA3HUPoUoWeRZ87Ye\npqMpOZfyyWVf2yF3cJmrAFjTTVwbCPAUB3S1KfrBiAwVW6gewz4TdE2mVxE5CC3L\nmiY/O5JPR+zUtTetcpJsaOa36cz7A3R/iICN00vQ3/eWPsVxv3Tpr6MyGamzNfzl\nUXoQb/5M8qi4ratGvfrxgy4kvV17VWl8Y9bWqxmkXfG+7/DJzBf1VpE4TFfJOSPa\n4cOl/uSJG7ZtGrtsIQ8WjIt7HfIPYBfUIb1kTEVE99xbNk7y/uVIU46R/OcFlIj5\nWLXsaMoFT8tShkWaw1mrby9Pj6NBn+4nFsgv5yhxpGOgAHY4JIQ8HI6qEcubedDI\nBhDt3+v3F2oQtJe04cIeMGxSrWP9HMPGuxFUH4NA4iC720FLY670ijtf9fxFwmD6\nEKTQfvgZrM5QTT1OjNqNPrnEm6RMOhobWUGjaOEjSrODnfMQxRXpR06O6LmqLU5I\n9ZeOGiCqrRWnNz6cQ2LybYzw3K1U+NXdoKe0RDCpmSsCOapzBN8gaEVZZUUyFqtJ\nl2j/jV22oe5QUPSeddWf2pNn/YEKQPLnSAZL6xdVMNMPq/ehXF7J6i8ec7fatVCR\nKGZSakJZSWiwj+3dGAMwe689PCOwxwYc6SxItr1lkdbhXXBU+QKCAQEAxOqK8Im2\nBOxJUZEmvQ+pJRmbRkecn/kcV0lP2NkKXHBIoSlegBDS+2T5kv38zRC62kw6/gLO\ngEdzkcwcaFwV8jMrnaOELYCd9gmGYs+WueOZYBU+ECY62i+Bcy4P7pR6APHDnj2/\n2o6JWCs6lDDD5i0u1hQU5Izb1QkfzNR5eqYrz8JV97DyE7yRCsRJHYDyfCMM/Sz4\nDgdkKMExSsM2HUvgRFWHkAU9WQbOJGiLvh4+/M6E0DgTf4CihA7B6VgfI6Muv5RY\nP2TR/YCwZHl46mYz1zfCjJNfDiv0eMPt4QM0vvh1+lstod57B83Lxd0/t38TbfjB\nixmSNJ1Ru4PkuQKCAQEA97k2RTHzwkP4KjvG8hquIOKb/Co7DLdN4tIiU7cJ4PlD\niG+cxzfLi9eJt5aaoWAFH639G0IjXN587krWhe3cht6G0pWTLDA+8VpyyJOxocbt\nJ/1ZixFnB10RgWE8t+jTOjkeGFq82UZbP6I4qnupsvZsoKD/4AEBT/DNZvxTsW6G\nMysdSbzAMcN5fIMgXz2BuuflQoGkKfcdjuHjv+Y80NfRT+5yC+HWE2UzytNgSic4\nwu3Q9dDtL271bpw1qlGR/ySMRK3VAaHjZ4iywp/sqcf33550U0Ay6uaXGvkUN0yB\n0DcLKlm1YRZAVy953qZ2JYQfh779OnShPUYt2RC9pwKCAQBjyy1gm5nIQushUDte\noxooeCKt6krg88E+JyQ1FEFg+XKFYk7G/j++Mb0dlmRQlILtcKaQ5mE6t3tFTziy\nVsC0fuRCvoSU/tKOxuL5HpUXXdXz0LAkRQucWWj0M0rVsR9nbR6jCk45d/T43ueQ\nBGqzMwDCc2jnLs+V1krsZl2uH5qibq1cmqsD/5NN7o3TSu8YpDbH88s+aNaEpOvT\nJL0++Z4NY38RKOafQIimAOmZDwEC47KBR3nyKwGxhT0WgZc+W0uswYQ7lF+rZlV+\nheUWfXcWQebxkRoiN3ps3XanixVnFsnLd/vXRcX5/XygqPDKkLcLC38ifHIRAg1S\nx5PZAoIBAAxQnswN0apkqp+e3SMIBIQJ/+snRkw5iJuwCpjSzqDqg1rzAX493daT\n3nrL99/x4A9VHPIP9aYWQWuvOL7rtjzWLymk2e4mb9qbvn0OKpR6SSvlwl/Re6e4\nDri51sTlxCpu0HoxeJXsk3i0XdDL2QHWkkvh9RZztlb9B5kJDjgR4IYGrKwPwBY5\nO37fHereKebaxGDsBPc5G7UQsbvGfFt9fyBUIENK9NN+AncgzvagwIegPvUZb9Ed\n2QGorlpLN9DRRk/bvG0aWS26c/iM7rz5/e6V9/5zgJSA5h4nJ8Qf/4wUUG/IieXL\nr2MmLw7Mg68VxGOBMSGIzsM3C+xwkp0CggEALyv+V/XJT1+J5HsRTyDjKYLV0wBk\nr0HRfaRdLPVaiIGVbEc+Xh+5vdgDXysLyNENmZ6oT917s3MORUARWjvg+752uQdg\nno9srpc66JzFMqXPK5ZLpeNdbKlu6FET+osaRNfOTb3/HDkx1of2E1xFtxP733/k\nVz7Di20S/1IRxZMBTwHetFezv73rpFyNNR9jOCWF+sWggn5CIe1v94A8Wxrw1Oft\nfnap/w+RuVbZZFNSb6CgEEe6ugjvUxUQBDd/XTWE3WljN9gNTxRAjS2GkryRNNj2\nh8lnWkshLNCPc5/B+Qw38dFo7Wg5Af2giPfETKCBJUESQdayprTjJUwZZg==\n-----END RSA PRIVATE KEY-----\n",
            "private_key_pem_pkcs8": "-----BEGIN PRIVATE KEY-----\nMIIJQQIBADANBgkqhkiG9w0BAQEFAASCCSswggknAgEAAoICAQC+jMNLL6S30v7W\nwTwEOaX13RnNKQVGn6x5kABnirC3OV4Jpr0ZKuOkLO8UEvbhEiYF+fD5FiUYJkrN\n03ZxdafLpkK/9Jqp9K76EZhjU902m+DIxxj6t7HFL3eWskRm+WWrnUWriPN7yDSf\nTjyexjGa5lB19PncSWEHZDPR2TiUK4YgiW0bPZ+nuITffJaQrkpj7k9+mGrlte0O\n13D/Fq/Z8MZeDvQ/fdaZz26GAtuXne2Uu84/EirERjFxN29Jzz3qny582kWAqV6U\ndVOzeGW1dxGz91ie68ibTw2ejDiyqipHTk/nXbEV5SL4D3fpc/pqdIcr0av4nt7N\nXmWiqWoBd5lYhtdoDKW2IAMOwnLo8KuK+zPzk1vjmKeWNtSzNhNNhv17MzJZ5sos\nE8k9PMWqlDUjrm9LtZcon0AOiBSTGoSRXGDjHoaM09SNlEXXQIlWCLNKwMXI3zVb\nECB2f8zB+ZvAm73FfmAvBCr3LIdJwcEZnIMZIkkJp9MAvBHhf2ZhhOCWAus57eAr\nbGspcswc4YiHcqAbxO0TSbvoqa9Tpxcf/cUYGvrdacTLm33n4Ea1ek8N0HBU7OWX\n8K6+lw/OszvvRRqjmkFNSmSyzeKoqduvo3kttGxj0JU2weIkx6PFlh+FByfx10z0\nafLN0WYDqiTehrSRiwE1VUdlz3bJrwIDAQABAoICAEzDRTuJRni9eedG8igblzWM\nbEP/lf4E/kT8k4Ui1J0DcdQ+hShZ5Fnzth6moyk5l/LJZV/bIXdwmasAWNNNXBsI\n8BQHdLUp+sGIDBVbqB7DPhN0TaZXETkILcuaJj87kk9H7NS1N61ykmxo5rfpzPsD\ndH+IgI3TS9Df95Y+xXG/dOmvozIZqbM1/OVRehBv/kzyqLitq0a9+vGDLiS9XXtV\naXxj1tarGaRd8b7v8MnMF/VWkThMV8k5I9rhw6X+5Ikbtm0au2whDxaMi3sd8g9g\nF9QhvWRMRUT33Fs2TvL+5UhTjpH85wWUiPlYtexoygVPy1KGRZrDWatvL0+Po0Gf\n7icWyC/nKHGkY6AAdjgkhDwcjqoRy5t50MgGEO3f6/cXahC0l7Thwh4wbFKtY/0c\nw8a7EVQfg0DiILvbQUtjrvSKO1/1/EXCYPoQpNB++BmszlBNPU6M2o0+ucSbpEw6\nGhtZQaNo4SNKs4Od8xDFFelHTo7ouaotTkj1l44aIKqtFac3PpxDYvJtjPDcrVT4\n1d2gp7REMKmZKwI5qnME3yBoRVllRTIWq0mXaP+NXbah7lBQ9J511Z/ak2f9gQpA\n8udIBkvrF1Uw0w+r96FcXsnqLx5zt9q1UJEoZlJqQllJaLCP7d0YAzB7rz08I7DH\nBhzpLEi2vWWR1uFdcFT5AoIBAQDE6orwibYE7ElRkSa9D6klGZtGR5yf+RxXSU/Y\n2QpccEihKV6AENL7ZPmS/fzNELraTDr+As6AR3ORzBxoXBXyMyudo4QtgJ32CYZi\nz5a545lgFT4QJjraL4FzLg/ulHoA8cOePb/ajolYKzqUMMPmLS7WFBTkjNvVCR/M\n1Hl6pivPwlX3sPITvJEKxEkdgPJ8Iwz9LPgOB2QowTFKwzYdS+BEVYeQBT1ZBs4k\naIu+Hj78zoTQOBN/gKKEDsHpWB8joy6/lFg/ZNH9gLBkeXjqZjPXN8KMk18OK/R4\nw+3hAzS++HX6Wy2h3nsHzcvF3T+3fxNt+MGLGZI0nVG7g+S5AoIBAQD3uTZFMfPC\nQ/gqO8byGq4g4pv8KjsMt03i0iJTtwng+UOIb5zHN8uL14m3lpqhYAUfrf0bQiNc\n3nzuStaF7dyG3obSlZMsMD7xWnLIk7Ghxu0n/VmLEWcHXRGBYTy36NM6OR4YWrzZ\nRls/ojiqe6my9mygoP/gAQFP8M1m/FOxboYzKx1JvMAxw3l8gyBfPYG65+VCgaQp\n9x2O4eO/5jzQ19FP7nIL4dYTZTPK02BKJzjC7dD10O0vbvVunDWqUZH/JIxErdUB\noeNniLLCn+ypx/ffnnRTQDLq5pca+RQ3TIHQNwsqWbVhFkBXL3nepnYlhB+Hvv06\ndKE9Ri3ZEL2nAoIBAGPLLWCbmchC6yFQO16jGih4Iq3qSuDzwT4nJDUUQWD5coVi\nTsb+P74xvR2WZFCUgu1wppDmYTq3e0VPOLJWwLR+5EK+hJT+0o7G4vkelRdd1fPQ\nsCRFC5xZaPQzStWxH2dtHqMKTjl39Pje55AEarMzAMJzaOcuz5XWSuxmXa4fmqJu\nrVyaqwP/k03ujdNK7xikNsfzyz5o1oSk69MkvT75ng1jfxEo5p9AiKYA6ZkPAQLj\nsoFHefIrAbGFPRaBlz5bS6zBhDuUX6tmVX6F5RZ9dxZB5vGRGiI3emzddqeLFWcW\nyct3+9dFxfn9fKCo8MqQtwsLfyJ8chECDVLHk9kCggEADFCezA3RqmSqn57dIwgE\nhAn/6ydGTDmIm7AKmNLOoOqDWvMBfj3d1pPeesv33/HgD1Uc8g/1phZBa684vuu2\nPNYvKaTZ7iZv2pu+fQ4qlHpJK+XCX9F7p7gOuLnWxOXEKm7QejF4leyTeLRd0MvZ\nAdaSS+H1FnO2Vv0HmQkOOBHghgasrA/AFjk7ft8d6t4p5trEYOwE9zkbtRCxu8Z8\nW31/IFQgQ0r0034CdyDO9qDAh6A+9Rlv0R3ZAaiuWks30NFGT9u8bRpZLbpz+Izu\nvPn97pX3/nOAlIDmHicnxB//jBRQb8iJ5cuvYyYvDsyDrxXEY4ExIYjOwzcL7HCS\nnQKCAQAvK/5X9clPX4nkexFPIOMpgtXTAGSvQdF9pF0s9VqIgZVsRz5eH7m92ANf\nKwvI0Q2ZnqhP3Xuzcw5FQBFaO+D7vna5B2Cej2yulzronMUypc8rlkul411sqW7o\nURP6ixpE185Nvf8cOTHWh/YTXEW3E/vff+RXPsOLbRL/UhHFkwFPAd60V7O/veuk\nXI01H2M4JYX6xaCCfkIh7W/3gDxbGvDU5+1+dqn/D5G5VtlkU1JvoKAQR7q6CO9T\nFRAEN39dNYTdaWM32A1PFECNLYaSvJE02PaHyWdaSyEs0I9zn8H5DDfx0WjtaDkB\n/aCI98RMoIElQRJB1rKmtOMlTBlm\n-----END PRIVATE KEY-----\n",
            "public_key_fingerprint_md5": "68:aa:ee:6d:be:27:e1:8e:4f:2c:97:15:61:86:3e:c4",
            "public_key_fingerprint_sha256": "SHA256:lNyCp9Bd/ajwbimVso5kldPJRyni0r7t4HtIjCvm/uw",
            "public_key_openssh": "ssh-rsa AAAAB3NzaC1yc2EAAAADAQABAAACAQC+jMNLL6S30v7WwTwEOaX13RnNKQVGn6x5kABnirC3OV4Jpr0ZKuOkLO8UEvbhEiYF+fD5FiUYJkrN03ZxdafLpkK/9Jqp9K76EZhjU902m+DIxxj6t7HFL3eWskRm+WWrnUWriPN7yDSfTjyexjGa5lB19PncSWEHZDPR2TiUK4YgiW0bPZ+nuITffJaQrkpj7k9+mGrlte0O13D/Fq/Z8MZeDvQ/fdaZz26GAtuXne2Uu84/EirERjFxN29Jzz3qny582kWAqV6UdVOzeGW1dxGz91ie68ibTw2ejDiyqipHTk/nXbEV5SL4D3fpc/pqdIcr0av4nt7NXmWiqWoBd5lYhtdoDKW2IAMOwnLo8KuK+zPzk1vjmKeWNtSzNhNNhv17MzJZ5sosE8k9PMWqlDUjrm9LtZcon0AOiBSTGoSRXGDjHoaM09SNlEXXQIlWCLNKwMXI3zVbECB2f8zB+ZvAm73FfmAvBCr3LIdJwcEZnIMZIkkJp9MAvBHhf2ZhhOCWAus57eArbGspcswc4YiHcqAbxO0TSbvoqa9Tpxcf/cUYGvrdacTLm33n4Ea1ek8N0HBU7OWX8K6+lw/OszvvRRqjmkFNSmSyzeKoqduvo3kttGxj0JU2weIkx6PFlh+FByfx10z0afLN0WYDqiTehrSRiwE1VUdlz3bJrw==\n",
            "public_key_pem": "-----BEGIN PUBLIC KEY-----\nMIICIjANBgkqhkiG9w0BAQEFAAOCAg8AMIICCgKCAgEAvozDSy+kt9L+1sE8BDml\n9d0ZzSkFRp+seZAAZ4qwtzleCaa9GSrjpCzvFBL24RImBfnw+RYlGCZKzdN2cXWn\ny6ZCv/SaqfSu+hGYY1PdNpvgyMcY+rexxS93lrJEZvllq51Fq4jze8g0n048nsYx\nmuZQdfT53ElhB2Qz0dk4lCuGIIltGz2fp7iE33yWkK5KY+5Pfphq5bXtDtdw/xav\n2fDGXg70P33Wmc9uhgLbl53tlLvOPxIqxEYxcTdvSc896p8ufNpFgKlelHVTs3hl\ntXcRs/dYnuvIm08Nnow4sqoqR05P512xFeUi+A936XP6anSHK9Gr+J7ezV5loqlq\nAXeZWIbXaAyltiADDsJy6PCrivsz85Nb45inljbUszYTTYb9ezMyWebKLBPJPTzF\nqpQ1I65vS7WXKJ9ADogUkxqEkVxg4x6GjNPUjZRF10CJVgizSsDFyN81WxAgdn/M\nwfmbwJu9xX5gLwQq9yyHScHBGZyDGSJJCafTALwR4X9mYYTglgLrOe3gK2xrKXLM\nHOGIh3KgG8TtE0m76KmvU6cXH/3FGBr63WnEy5t95+BGtXpPDdBwVOzll/CuvpcP\nzrM770Uao5pBTUpkss3iqKnbr6N5LbRsY9CVNsHiJMejxZYfhQcn8ddM9GnyzdFm\nA6ok3oa0kYsBNVVHZc92ya8CAwEAAQ==\n-----END PUBLIC KEY-----\n",
            "rsa_bits": 4096
          },
          "sensitive_attributes": []
        }
      ]
    },
    {
      "module": "module.vpc",
      "mode": "managed",
      "type": "aws_default_network_acl",
      "name": "this",
      "provider": "provider[\"registry.terraform.io/hashicorp/aws\"]",
      "instances": [
        {
          "index_key": 0,
          "schema_version": 0,
          "attributes": {
            "arn": "arn:aws:ec2:us-west-2:898111450083:network-acl/acl-03d156b15feb3e8d5",
            "default_network_acl_id": "acl-03d156b15feb3e8d5",
            "egress": [
              {
                "action": "allow",
                "cidr_block": "",
                "from_port": 0,
                "icmp_code": null,
                "icmp_type": null,
                "ipv6_cidr_block": "::/0",
                "protocol": "-1",
                "rule_no": 101,
                "to_port": 0
              },
              {
                "action": "allow",
                "cidr_block": "0.0.0.0/0",
                "from_port": 0,
                "icmp_code": null,
                "icmp_type": null,
                "ipv6_cidr_block": "",
                "protocol": "-1",
                "rule_no": 100,
                "to_port": 0
              }
            ],
            "id": "acl-03d156b15feb3e8d5",
            "ingress": [
              {
                "action": "allow",
                "cidr_block": "",
                "from_port": 0,
                "icmp_code": null,
                "icmp_type": null,
                "ipv6_cidr_block": "::/0",
                "protocol": "-1",
                "rule_no": 101,
                "to_port": 0
              },
              {
                "action": "allow",
                "cidr_block": "0.0.0.0/0",
                "from_port": 0,
                "icmp_code": null,
                "icmp_type": null,
                "ipv6_cidr_block": "",
                "protocol": "-1",
                "rule_no": 100,
                "to_port": 0
              }
            ],
            "owner_id": "898111450083",
            "subnet_ids": [
              "subnet-05af944b533dffb14",
              "subnet-081d9fc44373fedf7"
            ],
            "tags": {
              "Name": "example-vpc-default"
            },
            "tags_all": {
              "Name": "example-vpc-default"
            },
            "vpc_id": "vpc-0631bdf05cd3b392f"
          },
          "sensitive_attributes": [],
          "private": "bnVsbA==",
          "dependencies": [
            "module.vpc.aws_vpc.this"
          ]
        }
      ]
    },
    {
      "module": "module.vpc",
      "mode": "managed",
      "type": "aws_default_route_table",
      "name": "default",
      "provider": "provider[\"registry.terraform.io/hashicorp/aws\"]",
      "instances": [
        {
          "index_key": 0,
          "schema_version": 0,
          "attributes": {
            "arn": "arn:aws:ec2:us-west-2:898111450083:route-table/rtb-0cf9a2899fda047cb",
            "default_route_table_id": "rtb-0cf9a2899fda047cb",
            "id": "rtb-0cf9a2899fda047cb",
            "owner_id": "898111450083",
            "propagating_vgws": null,
            "route": [],
            "tags": {
              "Name": "example-vpc-default"
            },
            "tags_all": {
              "Name": "example-vpc-default"
            },
            "timeouts": {
              "create": "5m",
              "update": "5m"
            },
            "vpc_id": "vpc-0631bdf05cd3b392f"
          },
          "sensitive_attributes": [],
          "private": "eyJlMmJmYjczMC1lY2FhLTExZTYtOGY4OC0zNDM2M2JjN2M0YzAiOnsiY3JlYXRlIjozMDAwMDAwMDAwMDAsInVwZGF0ZSI6MzAwMDAwMDAwMDAwfX0=",
          "dependencies": [
            "module.vpc.aws_vpc.this"
          ]
        }
      ]
    },
    {
      "module": "module.vpc",
      "mode": "managed",
      "type": "aws_default_security_group",
      "name": "this",
      "provider": "provider[\"registry.terraform.io/hashicorp/aws\"]",
      "instances": [
        {
          "index_key": 0,
          "schema_version": 1,
          "attributes": {
            "arn": "arn:aws:ec2:us-west-2:898111450083:security-group/sg-0198a181436eaa0bc",
            "description": "default VPC security group",
            "egress": [],
            "id": "sg-0198a181436eaa0bc",
            "ingress": [],
            "name": "default",
            "name_prefix": "",
            "owner_id": "898111450083",
            "revoke_rules_on_delete": false,
            "tags": {
              "Name": "example-vpc-default"
            },
            "tags_all": {
              "Name": "example-vpc-default"
            },
            "vpc_id": "vpc-0631bdf05cd3b392f"
          },
          "sensitive_attributes": [],
          "private": "eyJzY2hlbWFfdmVyc2lvbiI6IjEifQ==",
          "dependencies": [
            "module.vpc.aws_vpc.this"
          ]
        }
      ]
    },
    {
      "module": "module.vpc",
      "mode": "managed",
      "type": "aws_internet_gateway",
      "name": "this",
      "provider": "provider[\"registry.terraform.io/hashicorp/aws\"]",
      "instances": [
        {
          "index_key": 0,
          "schema_version": 0,
          "attributes": {
            "arn": "arn:aws:ec2:us-west-2:898111450083:internet-gateway/igw-0cd91ebea76755c0a",
            "id": "igw-0cd91ebea76755c0a",
            "owner_id": "898111450083",
            "tags": {
              "Name": "example-vpc"
            },
            "tags_all": {
              "Name": "example-vpc"
            },
            "timeouts": null,
            "vpc_id": "vpc-0631bdf05cd3b392f"
          },
          "sensitive_attributes": [],
          "private": "eyJlMmJmYjczMC1lY2FhLTExZTYtOGY4OC0zNDM2M2JjN2M0YzAiOnsiY3JlYXRlIjoxMjAwMDAwMDAwMDAwLCJkZWxldGUiOjEyMDAwMDAwMDAwMDAsInVwZGF0ZSI6MTIwMDAwMDAwMDAwMH19",
          "dependencies": [
            "module.vpc.aws_vpc.this",
            "module.vpc.aws_vpc_ipv4_cidr_block_association.this"
          ]
        }
      ]
    },
    {
      "module": "module.vpc",
      "mode": "managed",
      "type": "aws_route",
      "name": "public_internet_gateway",
      "provider": "provider[\"registry.terraform.io/hashicorp/aws\"]",
      "instances": [
        {
          "index_key": 0,
          "schema_version": 0,
          "attributes": {
            "carrier_gateway_id": "",
            "core_network_arn": "",
            "destination_cidr_block": "0.0.0.0/0",
            "destination_ipv6_cidr_block": "",
            "destination_prefix_list_id": "",
            "egress_only_gateway_id": "",
            "gateway_id": "igw-0cd91ebea76755c0a",
            "id": "r-rtb-0b7555273c4b9222e1080289494",
            "instance_id": "",
            "instance_owner_id": "",
            "local_gateway_id": "",
            "nat_gateway_id": "",
            "network_interface_id": "",
            "origin": "CreateRoute",
            "route_table_id": "rtb-0b7555273c4b9222e",
            "state": "active",
            "timeouts": {
              "create": "5m",
              "delete": null,
              "update": null
            },
            "transit_gateway_id": "",
            "vpc_endpoint_id": "",
            "vpc_peering_connection_id": ""
          },
          "sensitive_attributes": [],
          "private": "eyJlMmJmYjczMC1lY2FhLTExZTYtOGY4OC0zNDM2M2JjN2M0YzAiOnsiY3JlYXRlIjozMDAwMDAwMDAwMDAsImRlbGV0ZSI6MzAwMDAwMDAwMDAwLCJ1cGRhdGUiOjEyMDAwMDAwMDAwMH19",
          "dependencies": [
            "module.vpc.aws_internet_gateway.this",
            "module.vpc.aws_route_table.public",
            "module.vpc.aws_vpc.this",
            "module.vpc.aws_vpc_ipv4_cidr_block_association.this"
          ]
        }
      ]
    },
    {
      "module": "module.vpc",
      "mode": "managed",
      "type": "aws_route_table",
      "name": "public",
      "provider": "provider[\"registry.terraform.io/hashicorp/aws\"]",
      "instances": [
        {
          "index_key": 0,
          "schema_version": 0,
          "attributes": {
            "arn": "arn:aws:ec2:us-west-2:898111450083:route-table/rtb-0b7555273c4b9222e",
            "id": "rtb-0b7555273c4b9222e",
            "owner_id": "898111450083",
            "propagating_vgws": [],
            "route": [],
            "tags": {
              "Name": "example-vpc-public"
            },
            "tags_all": {
              "Name": "example-vpc-public"
            },
            "timeouts": null,
            "vpc_id": "vpc-0631bdf05cd3b392f"
          },
          "sensitive_attributes": [],
          "private": "eyJlMmJmYjczMC1lY2FhLTExZTYtOGY4OC0zNDM2M2JjN2M0YzAiOnsiY3JlYXRlIjozMDAwMDAwMDAwMDAsImRlbGV0ZSI6MzAwMDAwMDAwMDAwLCJ1cGRhdGUiOjEyMDAwMDAwMDAwMH19",
          "dependencies": [
            "module.vpc.aws_vpc.this",
            "module.vpc.aws_vpc_ipv4_cidr_block_association.this"
          ]
        }
      ]
    },
    {
      "module": "module.vpc",
      "mode": "managed",
      "type": "aws_route_table_association",
      "name": "public",
      "provider": "provider[\"registry.terraform.io/hashicorp/aws\"]",
      "instances": [
        {
          "index_key": 0,
          "schema_version": 0,
          "attributes": {
            "gateway_id": "",
            "id": "rtbassoc-02dd9f97e4a3b4064",
            "route_table_id": "rtb-0b7555273c4b9222e",
            "subnet_id": "subnet-081d9fc44373fedf7",
            "timeouts": null
          },
          "sensitive_attributes": [],
          "private": "eyJlMmJmYjczMC1lY2FhLTExZTYtOGY4OC0zNDM2M2JjN2M0YzAiOnsiY3JlYXRlIjozMDAwMDAwMDAwMDAsImRlbGV0ZSI6MzAwMDAwMDAwMDAwLCJ1cGRhdGUiOjEyMDAwMDAwMDAwMH19",
          "dependencies": [
            "module.vpc.aws_route_table.public",
            "module.vpc.aws_subnet.public",
            "module.vpc.aws_vpc.this",
            "module.vpc.aws_vpc_ipv4_cidr_block_association.this"
          ]
        },
        {
          "index_key": 1,
          "schema_version": 0,
          "attributes": {
            "gateway_id": "",
            "id": "rtbassoc-01b8fe0e3c6197da9",
            "route_table_id": "rtb-0b7555273c4b9222e",
            "subnet_id": "subnet-05af944b533dffb14",
            "timeouts": null
          },
          "sensitive_attributes": [],
          "private": "eyJlMmJmYjczMC1lY2FhLTExZTYtOGY4OC0zNDM2M2JjN2M0YzAiOnsiY3JlYXRlIjozMDAwMDAwMDAwMDAsImRlbGV0ZSI6MzAwMDAwMDAwMDAwLCJ1cGRhdGUiOjEyMDAwMDAwMDAwMH19",
          "dependencies": [
            "module.vpc.aws_route_table.public",
            "module.vpc.aws_subnet.public",
            "module.vpc.aws_vpc.this",
            "module.vpc.aws_vpc_ipv4_cidr_block_association.this"
          ]
        }
      ]
    },
    {
      "module": "module.vpc",
      "mode": "managed",
      "type": "aws_subnet",
      "name": "public",
      "provider": "provider[\"registry.terraform.io/hashicorp/aws\"]",
      "instances": [
        {
          "index_key": 0,
          "schema_version": 1,
          "attributes": {
            "arn": "arn:aws:ec2:us-west-2:898111450083:subnet/subnet-081d9fc44373fedf7",
            "assign_ipv6_address_on_creation": false,
            "availability_zone": "us-west-2a",
            "availability_zone_id": "usw2-az1",
            "cidr_block": "10.0.101.0/24",
            "customer_owned_ipv4_pool": "",
            "enable_dns64": false,
            "enable_lni_at_device_index": 0,
            "enable_resource_name_dns_a_record_on_launch": false,
            "enable_resource_name_dns_aaaa_record_on_launch": false,
            "id": "subnet-081d9fc44373fedf7",
            "ipv6_cidr_block": "",
            "ipv6_cidr_block_association_id": "",
            "ipv6_native": false,
            "map_customer_owned_ip_on_launch": false,
            "map_public_ip_on_launch": true,
            "outpost_arn": "",
            "owner_id": "898111450083",
            "private_dns_hostname_type_on_launch": "ip-name",
            "tags": {
              "Name": "example-vpc-public-us-west-2a"
            },
            "tags_all": {
              "Name": "example-vpc-public-us-west-2a"
            },
            "timeouts": null,
            "vpc_id": "vpc-0631bdf05cd3b392f"
          },
          "sensitive_attributes": [],
          "private": "eyJlMmJmYjczMC1lY2FhLTExZTYtOGY4OC0zNDM2M2JjN2M0YzAiOnsiY3JlYXRlIjo2MDAwMDAwMDAwMDAsImRlbGV0ZSI6MTIwMDAwMDAwMDAwMH0sInNjaGVtYV92ZXJzaW9uIjoiMSJ9",
          "dependencies": [
            "module.vpc.aws_vpc.this",
            "module.vpc.aws_vpc_ipv4_cidr_block_association.this"
          ]
        },
        {
          "index_key": 1,
          "schema_version": 1,
          "attributes": {
            "arn": "arn:aws:ec2:us-west-2:898111450083:subnet/subnet-05af944b533dffb14",
            "assign_ipv6_address_on_creation": false,
            "availability_zone": "us-west-2b",
            "availability_zone_id": "usw2-az2",
            "cidr_block": "10.0.102.0/24",
            "customer_owned_ipv4_pool": "",
            "enable_dns64": false,
            "enable_lni_at_device_index": 0,
            "enable_resource_name_dns_a_record_on_launch": false,
            "enable_resource_name_dns_aaaa_record_on_launch": false,
            "id": "subnet-05af944b533dffb14",
            "ipv6_cidr_block": "",
            "ipv6_cidr_block_association_id": "",
            "ipv6_native": false,
            "map_customer_owned_ip_on_launch": false,
            "map_public_ip_on_launch": true,
            "outpost_arn": "",
            "owner_id": "898111450083",
            "private_dns_hostname_type_on_launch": "ip-name",
            "tags": {
              "Name": "example-vpc-public-us-west-2b"
            },
            "tags_all": {
              "Name": "example-vpc-public-us-west-2b"
            },
            "timeouts": null,
            "vpc_id": "vpc-0631bdf05cd3b392f"
          },
          "sensitive_attributes": [],
          "private": "eyJlMmJmYjczMC1lY2FhLTExZTYtOGY4OC0zNDM2M2JjN2M0YzAiOnsiY3JlYXRlIjo2MDAwMDAwMDAwMDAsImRlbGV0ZSI6MTIwMDAwMDAwMDAwMH0sInNjaGVtYV92ZXJzaW9uIjoiMSJ9",
          "dependencies": [
            "module.vpc.aws_vpc.this",
            "module.vpc.aws_vpc_ipv4_cidr_block_association.this"
          ]
        }
      ]
    },
    {
      "module": "module.vpc",
      "mode": "managed",
      "type": "aws_vpc",
      "name": "this",
      "provider": "provider[\"registry.terraform.io/hashicorp/aws\"]",
      "instances": [
        {
          "index_key": 0,
          "schema_version": 1,
          "attributes": {
            "arn": "arn:aws:ec2:us-west-2:898111450083:vpc/vpc-0631bdf05cd3b392f",
            "assign_generated_ipv6_cidr_block": false,
            "cidr_block": "10.0.0.0/16",
            "default_network_acl_id": "acl-03d156b15feb3e8d5",
            "default_route_table_id": "rtb-0cf9a2899fda047cb",
            "default_security_group_id": "sg-0198a181436eaa0bc",
            "dhcp_options_id": "dopt-0d2a08e99aeb4af78",
            "enable_dns_hostnames": true,
            "enable_dns_support": true,
            "enable_network_address_usage_metrics": false,
            "id": "vpc-0631bdf05cd3b392f",
            "instance_tenancy": "default",
            "ipv4_ipam_pool_id": null,
            "ipv4_netmask_length": null,
            "ipv6_association_id": "",
            "ipv6_cidr_block": "",
            "ipv6_cidr_block_network_border_group": "",
            "ipv6_ipam_pool_id": "",
            "ipv6_netmask_length": 0,
            "main_route_table_id": "rtb-0cf9a2899fda047cb",
            "owner_id": "898111450083",
            "tags": {
              "Name": "example-vpc"
            },
            "tags_all": {
              "Name": "example-vpc"
            }
          },
          "sensitive_attributes": [],
          "private": "eyJzY2hlbWFfdmVyc2lvbiI6IjEifQ=="
        }
      ]
    }
  ],
  "check_results": null
}
